// !$*UTF8*$!
{
	archiveVersion = 1;
	classes = {
	};
	objectVersion = 77;
	objects = {

/* Begin PBXBuildFile section */
		FA38E2942EA7570900BCE2B4 /* WidgetKit.framework in Frameworks */ = {isa = PBXBuildFile; fileRef = FA38E2932EA7570800BCE2B4 /* WidgetKit.framework */; };
		FA38E2962EA7570900BCE2B4 /* SwiftUI.framework in Frameworks */ = {isa = PBXBuildFile; fileRef = FA38E2952EA7570900BCE2B4 /* SwiftUI.framework */; };
		FA38E2A52EA7570900BCE2B4 /* RecycloScanWidgetExtension.appex in Embed Foundation Extensions */ = {isa = PBXBuildFile; fileRef = FA38E2912EA7570800BCE2B4 /* RecycloScanWidgetExtension.appex */; settings = {ATTRIBUTES = (RemoveHeadersOnCopy, ); }; };
/* End PBXBuildFile section */

/* Begin PBXContainerItemProxy section */
		F22FB4C02E97C6B7007B6ED7 /* PBXContainerItemProxy */ = {
			isa = PBXContainerItemProxy;
			containerPortal = F22FB4AA2E97C6B6007B6ED7 /* Project object */;
			proxyType = 1;
			remoteGlobalIDString = F22FB4B12E97C6B6007B6ED7;
			remoteInfo = RecycloScan;
		};
		F22FB4CA2E97C6B7007B6ED7 /* PBXContainerItemProxy */ = {
			isa = PBXContainerItemProxy;
			containerPortal = F22FB4AA2E97C6B6007B6ED7 /* Project object */;
			proxyType = 1;
			remoteGlobalIDString = F22FB4B12E97C6B6007B6ED7;
			remoteInfo = RecycloScan;
		};
		FA38E2A32EA7570900BCE2B4 /* PBXContainerItemProxy */ = {
			isa = PBXContainerItemProxy;
			containerPortal = F22FB4AA2E97C6B6007B6ED7 /* Project object */;
			proxyType = 1;
			remoteGlobalIDString = FA38E2902EA7570800BCE2B4;
			remoteInfo = RecycloScanWidgetExtension;
		};
/* End PBXContainerItemProxy section */

/* Begin PBXCopyFilesBuildPhase section */
		FA38E2AA2EA7570900BCE2B4 /* Embed Foundation Extensions */ = {
			isa = PBXCopyFilesBuildPhase;
			buildActionMask = 2147483647;
			dstPath = "";
			dstSubfolderSpec = 13;
			files = (
				FA38E2A52EA7570900BCE2B4 /* RecycloScanWidgetExtension.appex in Embed Foundation Extensions */,
			);
			name = "Embed Foundation Extensions";
			runOnlyForDeploymentPostprocessing = 0;
		};
/* End PBXCopyFilesBuildPhase section */

/* Begin PBXFileReference section */
		F22FB4B22E97C6B6007B6ED7 /* RecycloScan.app */ = {isa = PBXFileReference; explicitFileType = wrapper.application; includeInIndex = 0; path = RecycloScan.app; sourceTree = BUILT_PRODUCTS_DIR; };
		F22FB4BF2E97C6B7007B6ED7 /* RecycloScanTests.xctest */ = {isa = PBXFileReference; explicitFileType = wrapper.cfbundle; includeInIndex = 0; path = RecycloScanTests.xctest; sourceTree = BUILT_PRODUCTS_DIR; };
		F22FB4C92E97C6B7007B6ED7 /* RecycloScanUITests.xctest */ = {isa = PBXFileReference; explicitFileType = wrapper.cfbundle; includeInIndex = 0; path = RecycloScanUITests.xctest; sourceTree = BUILT_PRODUCTS_DIR; };
		FA38E2912EA7570800BCE2B4 /* RecycloScanWidgetExtension.appex */ = {isa = PBXFileReference; explicitFileType = "wrapper.app-extension"; includeInIndex = 0; path = RecycloScanWidgetExtension.appex; sourceTree = BUILT_PRODUCTS_DIR; };
		FA38E2932EA7570800BCE2B4 /* WidgetKit.framework */ = {isa = PBXFileReference; lastKnownFileType = wrapper.framework; name = WidgetKit.framework; path = System/Library/Frameworks/WidgetKit.framework; sourceTree = SDKROOT; };
		FA38E2952EA7570900BCE2B4 /* SwiftUI.framework */ = {isa = PBXFileReference; lastKnownFileType = wrapper.framework; name = SwiftUI.framework; path = System/Library/Frameworks/SwiftUI.framework; sourceTree = SDKROOT; };
		FA38E2AC2EA758EB00BCE2B4 /* RecycloScanWidgetExtension.entitlements */ = {isa = PBXFileReference; lastKnownFileType = text.plist.entitlements; path = RecycloScanWidgetExtension.entitlements; sourceTree = "<group>"; };
/* End PBXFileReference section */

/* Begin PBXFileSystemSynchronizedBuildFileExceptionSet section */
		F2C0497B2E9F34D200264E0B /* Exceptions for "RecycloScan" folder in "RecycloScan" target */ = {
			isa = PBXFileSystemSynchronizedBuildFileExceptionSet;
			membershipExceptions = (
				Info.plist,
			);
			target = F22FB4B12E97C6B6007B6ED7 /* RecycloScan */;
		};
		FA38E2A92EA7570900BCE2B4 /* Exceptions for "RecycloScanWidget" folder in "RecycloScanWidgetExtension" target */ = {
			isa = PBXFileSystemSynchronizedBuildFileExceptionSet;
			membershipExceptions = (
				Info.plist,
			);
			target = FA38E2902EA7570800BCE2B4 /* RecycloScanWidgetExtension */;
		};
		FA38E2B32EA75CD500BCE2B4 /* Exceptions for "RecycloScan" folder in "RecycloScanWidgetExtension" target */ = {
			isa = PBXFileSystemSynchronizedBuildFileExceptionSet;
			membershipExceptions = (
				WidgetData.swift,
			);
			target = FA38E2902EA7570800BCE2B4 /* RecycloScanWidgetExtension */;
		};
/* End PBXFileSystemSynchronizedBuildFileExceptionSet section */

/* Begin PBXFileSystemSynchronizedRootGroup section */
		F22FB4B42E97C6B6007B6ED7 /* RecycloScan */ = {
			isa = PBXFileSystemSynchronizedRootGroup;
			exceptions = (
				F2C0497B2E9F34D200264E0B /* Exceptions for "RecycloScan" folder in "RecycloScan" target */,
				FA38E2B32EA75CD500BCE2B4 /* Exceptions for "RecycloScan" folder in "RecycloScanWidgetExtension" target */,
			);
			path = RecycloScan;
			sourceTree = "<group>";
		};
		F22FB4C22E97C6B7007B6ED7 /* RecycloScanTests */ = {
			isa = PBXFileSystemSynchronizedRootGroup;
			path = RecycloScanTests;
			sourceTree = "<group>";
		};
		F22FB4CC2E97C6B7007B6ED7 /* RecycloScanUITests */ = {
			isa = PBXFileSystemSynchronizedRootGroup;
			path = RecycloScanUITests;
			sourceTree = "<group>";
		};
		FA38E2972EA7570900BCE2B4 /* RecycloScanWidget */ = {
			isa = PBXFileSystemSynchronizedRootGroup;
			exceptions = (
				FA38E2A92EA7570900BCE2B4 /* Exceptions for "RecycloScanWidget" folder in "RecycloScanWidgetExtension" target */,
			);
			path = RecycloScanWidget;
			sourceTree = "<group>";
		};
/* End PBXFileSystemSynchronizedRootGroup section */

/* Begin PBXFrameworksBuildPhase section */
		F22FB4AF2E97C6B6007B6ED7 /* Frameworks */ = {
			isa = PBXFrameworksBuildPhase;
			buildActionMask = 2147483647;
			files = (
			);
			runOnlyForDeploymentPostprocessing = 0;
		};
		F22FB4BC2E97C6B7007B6ED7 /* Frameworks */ = {
			isa = PBXFrameworksBuildPhase;
			buildActionMask = 2147483647;
			files = (
			);
			runOnlyForDeploymentPostprocessing = 0;
		};
		F22FB4C62E97C6B7007B6ED7 /* Frameworks */ = {
			isa = PBXFrameworksBuildPhase;
			buildActionMask = 2147483647;
			files = (
			);
			runOnlyForDeploymentPostprocessing = 0;
		};
		FA38E28E2EA7570800BCE2B4 /* Frameworks */ = {
			isa = PBXFrameworksBuildPhase;
			buildActionMask = 2147483647;
			files = (
				FA38E2962EA7570900BCE2B4 /* SwiftUI.framework in Frameworks */,
				FA38E2942EA7570900BCE2B4 /* WidgetKit.framework in Frameworks */,
			);
			runOnlyForDeploymentPostprocessing = 0;
		};
/* End PBXFrameworksBuildPhase section */

/* Begin PBXGroup section */
		F22FB4A92E97C6B6007B6ED7 = {
			isa = PBXGroup;
			children = (
				FA38E2AC2EA758EB00BCE2B4 /* RecycloScanWidgetExtension.entitlements */,
				F22FB4B42E97C6B6007B6ED7 /* RecycloScan */,
				F22FB4C22E97C6B7007B6ED7 /* RecycloScanTests */,
				F22FB4CC2E97C6B7007B6ED7 /* RecycloScanUITests */,
				FA38E2972EA7570900BCE2B4 /* RecycloScanWidget */,
				FA38E2922EA7570800BCE2B4 /* Frameworks */,
				F22FB4B32E97C6B6007B6ED7 /* Products */,
			);
			sourceTree = "<group>";
		};
		F22FB4B32E97C6B6007B6ED7 /* Products */ = {
			isa = PBXGroup;
			children = (
				F22FB4B22E97C6B6007B6ED7 /* RecycloScan.app */,
				F22FB4BF2E97C6B7007B6ED7 /* RecycloScanTests.xctest */,
				F22FB4C92E97C6B7007B6ED7 /* RecycloScanUITests.xctest */,
				FA38E2912EA7570800BCE2B4 /* RecycloScanWidgetExtension.appex */,
			);
			name = Products;
			sourceTree = "<group>";
		};
		FA38E2922EA7570800BCE2B4 /* Frameworks */ = {
			isa = PBXGroup;
			children = (
				FA38E2932EA7570800BCE2B4 /* WidgetKit.framework */,
				FA38E2952EA7570900BCE2B4 /* SwiftUI.framework */,
			);
			name = Frameworks;
			sourceTree = "<group>";
		};
/* End PBXGroup section */

/* Begin PBXNativeTarget section */
		F22FB4B12E97C6B6007B6ED7 /* RecycloScan */ = {
			isa = PBXNativeTarget;
			buildConfigurationList = F22FB4D32E97C6B7007B6ED7 /* Build configuration list for PBXNativeTarget "RecycloScan" */;
			buildPhases = (
				F22FB4AE2E97C6B6007B6ED7 /* Sources */,
				F22FB4AF2E97C6B6007B6ED7 /* Frameworks */,
				F22FB4B02E97C6B6007B6ED7 /* Resources */,
				FA38E2AA2EA7570900BCE2B4 /* Embed Foundation Extensions */,
			);
			buildRules = (
			);
			dependencies = (
				FA38E2A42EA7570900BCE2B4 /* PBXTargetDependency */,
			);
			fileSystemSynchronizedGroups = (
				F22FB4B42E97C6B6007B6ED7 /* RecycloScan */,
			);
			name = RecycloScan;
			packageProductDependencies = (
			);
			productName = RecycloScan;
			productReference = F22FB4B22E97C6B6007B6ED7 /* RecycloScan.app */;
			productType = "com.apple.product-type.application";
		};
		F22FB4BE2E97C6B7007B6ED7 /* RecycloScanTests */ = {
			isa = PBXNativeTarget;
			buildConfigurationList = F22FB4D62E97C6B7007B6ED7 /* Build configuration list for PBXNativeTarget "RecycloScanTests" */;
			buildPhases = (
				F22FB4BB2E97C6B7007B6ED7 /* Sources */,
				F22FB4BC2E97C6B7007B6ED7 /* Frameworks */,
				F22FB4BD2E97C6B7007B6ED7 /* Resources */,
			);
			buildRules = (
			);
			dependencies = (
				F22FB4C12E97C6B7007B6ED7 /* PBXTargetDependency */,
			);
			fileSystemSynchronizedGroups = (
				F22FB4C22E97C6B7007B6ED7 /* RecycloScanTests */,
			);
			name = RecycloScanTests;
			packageProductDependencies = (
			);
			productName = RecycloScanTests;
			productReference = F22FB4BF2E97C6B7007B6ED7 /* RecycloScanTests.xctest */;
			productType = "com.apple.product-type.bundle.unit-test";
		};
		F22FB4C82E97C6B7007B6ED7 /* RecycloScanUITests */ = {
			isa = PBXNativeTarget;
			buildConfigurationList = F22FB4D92E97C6B7007B6ED7 /* Build configuration list for PBXNativeTarget "RecycloScanUITests" */;
			buildPhases = (
				F22FB4C52E97C6B7007B6ED7 /* Sources */,
				F22FB4C62E97C6B7007B6ED7 /* Frameworks */,
				F22FB4C72E97C6B7007B6ED7 /* Resources */,
			);
			buildRules = (
			);
			dependencies = (
				F22FB4CB2E97C6B7007B6ED7 /* PBXTargetDependency */,
			);
			fileSystemSynchronizedGroups = (
				F22FB4CC2E97C6B7007B6ED7 /* RecycloScanUITests */,
			);
			name = RecycloScanUITests;
			packageProductDependencies = (
			);
			productName = RecycloScanUITests;
			productReference = F22FB4C92E97C6B7007B6ED7 /* RecycloScanUITests.xctest */;
			productType = "com.apple.product-type.bundle.ui-testing";
		};
		FA38E2902EA7570800BCE2B4 /* RecycloScanWidgetExtension */ = {
			isa = PBXNativeTarget;
			buildConfigurationList = FA38E2A62EA7570900BCE2B4 /* Build configuration list for PBXNativeTarget "RecycloScanWidgetExtension" */;
			buildPhases = (
				FA38E28D2EA7570800BCE2B4 /* Sources */,
				FA38E28E2EA7570800BCE2B4 /* Frameworks */,
				FA38E28F2EA7570800BCE2B4 /* Resources */,
			);
			buildRules = (
			);
			dependencies = (
			);
			fileSystemSynchronizedGroups = (
				FA38E2972EA7570900BCE2B4 /* RecycloScanWidget */,
			);
			name = RecycloScanWidgetExtension;
			packageProductDependencies = (
			);
			productName = RecycloScanWidgetExtension;
			productReference = FA38E2912EA7570800BCE2B4 /* RecycloScanWidgetExtension.appex */;
			productType = "com.apple.product-type.app-extension";
		};
/* End PBXNativeTarget section */

/* Begin PBXProject section */
		F22FB4AA2E97C6B6007B6ED7 /* Project object */ = {
			isa = PBXProject;
			attributes = {
				BuildIndependentTargetsInParallel = 1;
				LastSwiftUpdateCheck = 1640;
				LastUpgradeCheck = 1640;
				TargetAttributes = {
					F22FB4B12E97C6B6007B6ED7 = {
						CreatedOnToolsVersion = 16.4;
					};
					F22FB4BE2E97C6B7007B6ED7 = {
						CreatedOnToolsVersion = 16.4;
						TestTargetID = F22FB4B12E97C6B6007B6ED7;
					};
					F22FB4C82E97C6B7007B6ED7 = {
						CreatedOnToolsVersion = 16.4;
						TestTargetID = F22FB4B12E97C6B6007B6ED7;
					};
					FA38E2902EA7570800BCE2B4 = {
						CreatedOnToolsVersion = 16.4;
					};
				};
			};
			buildConfigurationList = F22FB4AD2E97C6B6007B6ED7 /* Build configuration list for PBXProject "RecycloScan" */;
			developmentRegion = en;
			hasScannedForEncodings = 0;
			knownRegions = (
				en,
				Base,
			);
			mainGroup = F22FB4A92E97C6B6007B6ED7;
			minimizedProjectReferenceProxies = 1;
			preferredProjectObjectVersion = 77;
			productRefGroup = F22FB4B32E97C6B6007B6ED7 /* Products */;
			projectDirPath = "";
			projectRoot = "";
			targets = (
				F22FB4B12E97C6B6007B6ED7 /* RecycloScan */,
				F22FB4BE2E97C6B7007B6ED7 /* RecycloScanTests */,
				F22FB4C82E97C6B7007B6ED7 /* RecycloScanUITests */,
				FA38E2902EA7570800BCE2B4 /* RecycloScanWidgetExtension */,
			);
		};
/* End PBXProject section */

/* Begin PBXResourcesBuildPhase section */
		F22FB4B02E97C6B6007B6ED7 /* Resources */ = {
			isa = PBXResourcesBuildPhase;
			buildActionMask = 2147483647;
			files = (
			);
			runOnlyForDeploymentPostprocessing = 0;
		};
		F22FB4BD2E97C6B7007B6ED7 /* Resources */ = {
			isa = PBXResourcesBuildPhase;
			buildActionMask = 2147483647;
			files = (
			);
			runOnlyForDeploymentPostprocessing = 0;
		};
		F22FB4C72E97C6B7007B6ED7 /* Resources */ = {
			isa = PBXResourcesBuildPhase;
			buildActionMask = 2147483647;
			files = (
			);
			runOnlyForDeploymentPostprocessing = 0;
		};
		FA38E28F2EA7570800BCE2B4 /* Resources */ = {
			isa = PBXResourcesBuildPhase;
			buildActionMask = 2147483647;
			files = (
			);
			runOnlyForDeploymentPostprocessing = 0;
		};
/* End PBXResourcesBuildPhase section */

/* Begin PBXSourcesBuildPhase section */
		F22FB4AE2E97C6B6007B6ED7 /* Sources */ = {
			isa = PBXSourcesBuildPhase;
			buildActionMask = 2147483647;
			files = (
			);
			runOnlyForDeploymentPostprocessing = 0;
		};
		F22FB4BB2E97C6B7007B6ED7 /* Sources */ = {
			isa = PBXSourcesBuildPhase;
			buildActionMask = 2147483647;
			files = (
			);
			runOnlyForDeploymentPostprocessing = 0;
		};
		F22FB4C52E97C6B7007B6ED7 /* Sources */ = {
			isa = PBXSourcesBuildPhase;
			buildActionMask = 2147483647;
			files = (
			);
			runOnlyForDeploymentPostprocessing = 0;
		};
		FA38E28D2EA7570800BCE2B4 /* Sources */ = {
			isa = PBXSourcesBuildPhase;
			buildActionMask = 2147483647;
			files = (
			);
			runOnlyForDeploymentPostprocessing = 0;
		};
/* End PBXSourcesBuildPhase section */

/* Begin PBXTargetDependency section */
		F22FB4C12E97C6B7007B6ED7 /* PBXTargetDependency */ = {
			isa = PBXTargetDependency;
			target = F22FB4B12E97C6B6007B6ED7 /* RecycloScan */;
			targetProxy = F22FB4C02E97C6B7007B6ED7 /* PBXContainerItemProxy */;
		};
		F22FB4CB2E97C6B7007B6ED7 /* PBXTargetDependency */ = {
			isa = PBXTargetDependency;
			target = F22FB4B12E97C6B6007B6ED7 /* RecycloScan */;
			targetProxy = F22FB4CA2E97C6B7007B6ED7 /* PBXContainerItemProxy */;
		};
		FA38E2A42EA7570900BCE2B4 /* PBXTargetDependency */ = {
			isa = PBXTargetDependency;
			target = FA38E2902EA7570800BCE2B4 /* RecycloScanWidgetExtension */;
			targetProxy = FA38E2A32EA7570900BCE2B4 /* PBXContainerItemProxy */;
		};
/* End PBXTargetDependency section */

/* Begin XCBuildConfiguration section */
		F22FB4D12E97C6B7007B6ED7 /* Debug */ = {
			isa = XCBuildConfiguration;
			buildSettings = {
				ALWAYS_SEARCH_USER_PATHS = NO;
				ASSETCATALOG_COMPILER_GENERATE_SWIFT_ASSET_SYMBOL_EXTENSIONS = YES;
				CLANG_ANALYZER_NONNULL = YES;
				CLANG_ANALYZER_NUMBER_OBJECT_CONVERSION = YES_AGGRESSIVE;
				CLANG_CXX_LANGUAGE_STANDARD = "gnu++20";
				CLANG_ENABLE_MODULES = YES;
				CLANG_ENABLE_OBJC_ARC = YES;
				CLANG_ENABLE_OBJC_WEAK = YES;
				CLANG_WARN_BLOCK_CAPTURE_AUTORELEASING = YES;
				CLANG_WARN_BOOL_CONVERSION = YES;
				CLANG_WARN_COMMA = YES;
				CLANG_WARN_CONSTANT_CONVERSION = YES;
				CLANG_WARN_DEPRECATED_OBJC_IMPLEMENTATIONS = YES;
				CLANG_WARN_DIRECT_OBJC_ISA_USAGE = YES_ERROR;
				CLANG_WARN_DOCUMENTATION_COMMENTS = YES;
				CLANG_WARN_EMPTY_BODY = YES;
				CLANG_WARN_ENUM_CONVERSION = YES;
				CLANG_WARN_INFINITE_RECURSION = YES;
				CLANG_WARN_INT_CONVERSION = YES;
				CLANG_WARN_NON_LITERAL_NULL_CONVERSION = YES;
				CLANG_WARN_OBJC_IMPLICIT_RETAIN_SELF = YES;
				CLANG_WARN_OBJC_LITERAL_CONVERSION = YES;
				CLANG_WARN_OBJC_ROOT_CLASS = YES_ERROR;
				CLANG_WARN_QUOTED_INCLUDE_IN_FRAMEWORK_HEADER = YES;
				CLANG_WARN_RANGE_LOOP_ANALYSIS = YES;
				CLANG_WARN_STRICT_PROTOTYPES = YES;
				CLANG_WARN_SUSPICIOUS_MOVE = YES;
				CLANG_WARN_UNGUARDED_AVAILABILITY = YES_AGGRESSIVE;
				CLANG_WARN_UNREACHABLE_CODE = YES;
				CLANG_WARN__DUPLICATE_METHOD_MATCH = YES;
				COPY_PHASE_STRIP = NO;
				DEBUG_INFORMATION_FORMAT = dwarf;
				ENABLE_STRICT_OBJC_MSGSEND = YES;
				ENABLE_TESTABILITY = YES;
				ENABLE_USER_SCRIPT_SANDBOXING = YES;
				GCC_C_LANGUAGE_STANDARD = gnu17;
				GCC_DYNAMIC_NO_PIC = NO;
				GCC_NO_COMMON_BLOCKS = YES;
				GCC_OPTIMIZATION_LEVEL = 0;
				GCC_PREPROCESSOR_DEFINITIONS = (
					"DEBUG=1",
					"$(inherited)",
				);
				GCC_WARN_64_TO_32_BIT_CONVERSION = YES;
				GCC_WARN_ABOUT_RETURN_TYPE = YES_ERROR;
				GCC_WARN_UNDECLARED_SELECTOR = YES;
				GCC_WARN_UNINITIALIZED_AUTOS = YES_AGGRESSIVE;
				GCC_WARN_UNUSED_FUNCTION = YES;
				GCC_WARN_UNUSED_VARIABLE = YES;
				IPHONEOS_DEPLOYMENT_TARGET = 18.5;
				LOCALIZATION_PREFERS_STRING_CATALOGS = YES;
				MTL_ENABLE_DEBUG_INFO = INCLUDE_SOURCE;
				MTL_FAST_MATH = YES;
				ONLY_ACTIVE_ARCH = YES;
				SDKROOT = iphoneos;
				SWIFT_ACTIVE_COMPILATION_CONDITIONS = "DEBUG $(inherited)";
				SWIFT_OPTIMIZATION_LEVEL = "-Onone";
			};
			name = Debug;
		};
		F22FB4D22E97C6B7007B6ED7 /* Release */ = {
			isa = XCBuildConfiguration;
			buildSettings = {
				ALWAYS_SEARCH_USER_PATHS = NO;
				ASSETCATALOG_COMPILER_GENERATE_SWIFT_ASSET_SYMBOL_EXTENSIONS = YES;
				CLANG_ANALYZER_NONNULL = YES;
				CLANG_ANALYZER_NUMBER_OBJECT_CONVERSION = YES_AGGRESSIVE;
				CLANG_CXX_LANGUAGE_STANDARD = "gnu++20";
				CLANG_ENABLE_MODULES = YES;
				CLANG_ENABLE_OBJC_ARC = YES;
				CLANG_ENABLE_OBJC_WEAK = YES;
				CLANG_WARN_BLOCK_CAPTURE_AUTORELEASING = YES;
				CLANG_WARN_BOOL_CONVERSION = YES;
				CLANG_WARN_COMMA = YES;
				CLANG_WARN_CONSTANT_CONVERSION = YES;
				CLANG_WARN_DEPRECATED_OBJC_IMPLEMENTATIONS = YES;
				CLANG_WARN_DIRECT_OBJC_ISA_USAGE = YES_ERROR;
				CLANG_WARN_DOCUMENTATION_COMMENTS = YES;
				CLANG_WARN_EMPTY_BODY = YES;
				CLANG_WARN_ENUM_CONVERSION = YES;
				CLANG_WARN_INFINITE_RECURSION = YES;
				CLANG_WARN_INT_CONVERSION = YES;
				CLANG_WARN_NON_LITERAL_NULL_CONVERSION = YES;
				CLANG_WARN_OBJC_IMPLICIT_RETAIN_SELF = YES;
				CLANG_WARN_OBJC_LITERAL_CONVERSION = YES;
				CLANG_WARN_OBJC_ROOT_CLASS = YES_ERROR;
				CLANG_WARN_QUOTED_INCLUDE_IN_FRAMEWORK_HEADER = YES;
				CLANG_WARN_RANGE_LOOP_ANALYSIS = YES;
				CLANG_WARN_STRICT_PROTOTYPES = YES;
				CLANG_WARN_SUSPICIOUS_MOVE = YES;
				CLANG_WARN_UNGUARDED_AVAILABILITY = YES_AGGRESSIVE;
				CLANG_WARN_UNREACHABLE_CODE = YES;
				CLANG_WARN__DUPLICATE_METHOD_MATCH = YES;
				COPY_PHASE_STRIP = NO;
				DEBUG_INFORMATION_FORMAT = "dwarf-with-dsym";
				ENABLE_NS_ASSERTIONS = NO;
				ENABLE_STRICT_OBJC_MSGSEND = YES;
				ENABLE_USER_SCRIPT_SANDBOXING = YES;
				GCC_C_LANGUAGE_STANDARD = gnu17;
				GCC_NO_COMMON_BLOCKS = YES;
				GCC_WARN_64_TO_32_BIT_CONVERSION = YES;
				GCC_WARN_ABOUT_RETURN_TYPE = YES_ERROR;
				GCC_WARN_UNDECLARED_SELECTOR = YES;
				GCC_WARN_UNINITIALIZED_AUTOS = YES_AGGRESSIVE;
				GCC_WARN_UNUSED_FUNCTION = YES;
				GCC_WARN_UNUSED_VARIABLE = YES;
				IPHONEOS_DEPLOYMENT_TARGET = 18.5;
				LOCALIZATION_PREFERS_STRING_CATALOGS = YES;
				MTL_ENABLE_DEBUG_INFO = NO;
				MTL_FAST_MATH = YES;
				SDKROOT = iphoneos;
				SWIFT_COMPILATION_MODE = wholemodule;
				VALIDATE_PRODUCT = YES;
			};
			name = Release;
		};
		F22FB4D42E97C6B7007B6ED7 /* Debug */ = {
			isa = XCBuildConfiguration;
			buildSettings = {
				ASSETCATALOG_COMPILER_APPICON_NAME = AppIcon;
				ASSETCATALOG_COMPILER_GLOBAL_ACCENT_COLOR_NAME = AccentColor;
				CODE_SIGN_ENTITLEMENTS = RecycloScan/RecycloScan.entitlements;
				CODE_SIGN_STYLE = Automatic;
				CURRENT_PROJECT_VERSION = 1;
				DEVELOPMENT_TEAM = PKXJB6Y65A;
				ENABLE_PREVIEWS = YES;
				GENERATE_INFOPLIST_FILE = YES;
				INFOPLIST_FILE = RecycloScan/Info.plist;
				INFOPLIST_KEY_NSCameraUsageDescription = "This app requires access to your camera to capture waste images for classification.";
				INFOPLIST_KEY_UIApplicationSceneManifest_Generation = YES;
				INFOPLIST_KEY_UIApplicationSupportsIndirectInputEvents = YES;
				INFOPLIST_KEY_UILaunchScreen_Generation = YES;
				INFOPLIST_KEY_UISupportedInterfaceOrientations_iPad = "UIInterfaceOrientationPortrait UIInterfaceOrientationPortraitUpsideDown UIInterfaceOrientationLandscapeLeft UIInterfaceOrientationLandscapeRight";
				INFOPLIST_KEY_UISupportedInterfaceOrientations_iPhone = "UIInterfaceOrientationPortrait UIInterfaceOrientationLandscapeLeft UIInterfaceOrientationLandscapeRight";
				LD_RUNPATH_SEARCH_PATHS = (
					"$(inherited)",
					"@executable_path/Frameworks",
				);
				MARKETING_VERSION = 1.0;
				PRODUCT_BUNDLE_IDENTIFIER = com.TlaitirangRathete.Recyclo;
				PRODUCT_NAME = "$(TARGET_NAME)";
				SWIFT_EMIT_LOC_STRINGS = YES;
				SWIFT_VERSION = 5.0;
				TARGETED_DEVICE_FAMILY = "1,2";
			};
			name = Debug;
		};
		F22FB4D52E97C6B7007B6ED7 /* Release */ = {
			isa = XCBuildConfiguration;
			buildSettings = {
				ASSETCATALOG_COMPILER_APPICON_NAME = AppIcon;
				ASSETCATALOG_COMPILER_GLOBAL_ACCENT_COLOR_NAME = AccentColor;
				CODE_SIGN_ENTITLEMENTS = RecycloScan/RecycloScan.entitlements;
				CODE_SIGN_STYLE = Automatic;
				CURRENT_PROJECT_VERSION = 1;
				DEVELOPMENT_TEAM = PKXJB6Y65A;
				ENABLE_PREVIEWS = YES;
				GENERATE_INFOPLIST_FILE = YES;
				INFOPLIST_FILE = RecycloScan/Info.plist;
				INFOPLIST_KEY_NSCameraUsageDescription = "This app requires access to your camera to capture waste images for classification.";
				INFOPLIST_KEY_UIApplicationSceneManifest_Generation = YES;
				INFOPLIST_KEY_UIApplicationSupportsIndirectInputEvents = YES;
				INFOPLIST_KEY_UILaunchScreen_Generation = YES;
				INFOPLIST_KEY_UISupportedInterfaceOrientations_iPad = "UIInterfaceOrientationPortrait UIInterfaceOrientationPortraitUpsideDown UIInterfaceOrientationLandscapeLeft UIInterfaceOrientationLandscapeRight";
				INFOPLIST_KEY_UISupportedInterfaceOrientations_iPhone = "UIInterfaceOrientationPortrait UIInterfaceOrientationLandscapeLeft UIInterfaceOrientationLandscapeRight";
				LD_RUNPATH_SEARCH_PATHS = (
					"$(inherited)",
					"@executable_path/Frameworks",
				);
				MARKETING_VERSION = 1.0;
				PRODUCT_BUNDLE_IDENTIFIER = com.TlaitirangRathete.Recyclo;
				PRODUCT_NAME = "$(TARGET_NAME)";
				SWIFT_EMIT_LOC_STRINGS = YES;
				SWIFT_VERSION = 5.0;
				TARGETED_DEVICE_FAMILY = "1,2";
			};
			name = Release;
		};
		F22FB4D72E97C6B7007B6ED7 /* Debug */ = {
			isa = XCBuildConfiguration;
			buildSettings = {
				BUNDLE_LOADER = "$(TEST_HOST)";
				CODE_SIGN_STYLE = Automatic;
				CURRENT_PROJECT_VERSION = 1;
				DEVELOPMENT_TEAM = PKXJB6Y65A;
				GENERATE_INFOPLIST_FILE = YES;
				IPHONEOS_DEPLOYMENT_TARGET = 18.5;
				MARKETING_VERSION = 1.0;
				PRODUCT_BUNDLE_IDENTIFIER = com.TlaitirangRathete.RecycloScanTests;
				PRODUCT_NAME = "$(TARGET_NAME)";
				SWIFT_EMIT_LOC_STRINGS = NO;
				SWIFT_VERSION = 5.0;
				TARGETED_DEVICE_FAMILY = "1,2";
				TEST_HOST = "$(BUILT_PRODUCTS_DIR)/RecycloScan.app/$(BUNDLE_EXECUTABLE_FOLDER_PATH)/RecycloScan";
			};
			name = Debug;
		};
		F22FB4D82E97C6B7007B6ED7 /* Release */ = {
			isa = XCBuildConfiguration;
			buildSettings = {
				BUNDLE_LOADER = "$(TEST_HOST)";
				CODE_SIGN_STYLE = Automatic;
				CURRENT_PROJECT_VERSION = 1;
				DEVELOPMENT_TEAM = PKXJB6Y65A;
				GENERATE_INFOPLIST_FILE = YES;
				IPHONEOS_DEPLOYMENT_TARGET = 18.5;
				MARKETING_VERSION = 1.0;
				PRODUCT_BUNDLE_IDENTIFIER = com.TlaitirangRathete.RecycloScanTests;
				PRODUCT_NAME = "$(TARGET_NAME)";
				SWIFT_EMIT_LOC_STRINGS = NO;
				SWIFT_VERSION = 5.0;
				TARGETED_DEVICE_FAMILY = "1,2";
				TEST_HOST = "$(BUILT_PRODUCTS_DIR)/RecycloScan.app/$(BUNDLE_EXECUTABLE_FOLDER_PATH)/RecycloScan";
			};
			name = Release;
		};
		F22FB4DA2E97C6B7007B6ED7 /* Debug */ = {
			isa = XCBuildConfiguration;
			buildSettings = {
				CODE_SIGN_STYLE = Automatic;
				CURRENT_PROJECT_VERSION = 1;
				DEVELOPMENT_TEAM = PKXJB6Y65A;
				GENERATE_INFOPLIST_FILE = YES;
				MARKETING_VERSION = 1.0;
				PRODUCT_BUNDLE_IDENTIFIER = com.TlaitirangRathete.RecycloScanUITests;
				PRODUCT_NAME = "$(TARGET_NAME)";
				SWIFT_EMIT_LOC_STRINGS = NO;
				SWIFT_VERSION = 5.0;
				TARGETED_DEVICE_FAMILY = "1,2";
				TEST_TARGET_NAME = RecycloScan;
			};
			name = Debug;
		};
		F22FB4DB2E97C6B7007B6ED7 /* Release */ = {
			isa = XCBuildConfiguration;
			buildSettings = {
				CODE_SIGN_STYLE = Automatic;
				CURRENT_PROJECT_VERSION = 1;
				DEVELOPMENT_TEAM = PKXJB6Y65A;
				GENERATE_INFOPLIST_FILE = YES;
				MARKETING_VERSION = 1.0;
				PRODUCT_BUNDLE_IDENTIFIER = com.TlaitirangRathete.RecycloScanUITests;
				PRODUCT_NAME = "$(TARGET_NAME)";
				SWIFT_EMIT_LOC_STRINGS = NO;
				SWIFT_VERSION = 5.0;
				TARGETED_DEVICE_FAMILY = "1,2";
				TEST_TARGET_NAME = RecycloScan;
			};
			name = Release;
		};
		FA38E2A72EA7570900BCE2B4 /* Debug */ = {
			isa = XCBuildConfiguration;
			buildSettings = {
				ASSETCATALOG_COMPILER_GLOBAL_ACCENT_COLOR_NAME = AccentColor;
				ASSETCATALOG_COMPILER_WIDGET_BACKGROUND_COLOR_NAME = WidgetBackground;
				CODE_SIGN_ENTITLEMENTS = RecycloScanWidgetExtension.entitlements;
				CODE_SIGN_STYLE = Automatic;
				CURRENT_PROJECT_VERSION = 1;
				DEVELOPMENT_TEAM = PKXJB6Y65A;
				GENERATE_INFOPLIST_FILE = YES;
				INFOPLIST_FILE = RecycloScanWidget/Info.plist;
				INFOPLIST_KEY_CFBundleDisplayName = RecycloScanWidget;
				INFOPLIST_KEY_NSHumanReadableCopyright = "";
				LD_RUNPATH_SEARCH_PATHS = (
					"$(inherited)",
					"@executable_path/Frameworks",
					"@executable_path/../../Frameworks",
				);
				MARKETING_VERSION = 1.0;
				PRODUCT_BUNDLE_IDENTIFIER = com.TlaitirangRathete.Recyclo.RecycloScanWidget;
				PRODUCT_NAME = "$(TARGET_NAME)";
				SKIP_INSTALL = YES;
				SWIFT_EMIT_LOC_STRINGS = YES;
				SWIFT_VERSION = 5.0;
				TARGETED_DEVICE_FAMILY = "1,2";
			};
			name = Debug;
		};
		FA38E2A82EA7570900BCE2B4 /* Release */ = {
			isa = XCBuildConfiguration;
			buildSettings = {
				ASSETCATALOG_COMPILER_GLOBAL_ACCENT_COLOR_NAME = AccentColor;
				ASSETCATALOG_COMPILER_WIDGET_BACKGROUND_COLOR_NAME = WidgetBackground;
				CODE_SIGN_ENTITLEMENTS = RecycloScanWidgetExtension.entitlements;
				CODE_SIGN_STYLE = Automatic;
				CURRENT_PROJECT_VERSION = 1;
				DEVELOPMENT_TEAM = PKXJB6Y65A;
				GENERATE_INFOPLIST_FILE = YES;
				INFOPLIST_FILE = RecycloScanWidget/Info.plist;
				INFOPLIST_KEY_CFBundleDisplayName = RecycloScanWidget;
				INFOPLIST_KEY_NSHumanReadableCopyright = "";
				LD_RUNPATH_SEARCH_PATHS = (
					"$(inherited)",
					"@executable_path/Frameworks",
					"@executable_path/../../Frameworks",
				);
				MARKETING_VERSION = 1.0;
				PRODUCT_BUNDLE_IDENTIFIER = com.TlaitirangRathete.Recyclo.RecycloScanWidget;
				PRODUCT_NAME = "$(TARGET_NAME)";
				SKIP_INSTALL = YES;
				SWIFT_EMIT_LOC_STRINGS = YES;
				SWIFT_VERSION = 5.0;
				TARGETED_DEVICE_FAMILY = "1,2";
			};
			name = Release;
		};
/* End XCBuildConfiguration section */

/* Begin XCConfigurationList section */
		F22FB4AD2E97C6B6007B6ED7 /* Build configuration list for PBXProject "RecycloScan" */ = {
			isa = XCConfigurationList;
			buildConfigurations = (
				F22FB4D12E97C6B7007B6ED7 /* Debug */,
				F22FB4D22E97C6B7007B6ED7 /* Release */,
			);
			defaultConfigurationIsVisible = 0;
			defaultConfigurationName = Release;
		};
		F22FB4D32E97C6B7007B6ED7 /* Build configuration list for PBXNativeTarget "RecycloScan" */ = {
			isa = XCConfigurationList;
			buildConfigurations = (
				F22FB4D42E97C6B7007B6ED7 /* Debug */,
				F22FB4D52E97C6B7007B6ED7 /* Release */,
			);
			defaultConfigurationIsVisible = 0;
			defaultConfigurationName = Release;
		};
		F22FB4D62E97C6B7007B6ED7 /* Build configuration list for PBXNativeTarget "RecycloScanTests" */ = {
			isa = XCConfigurationList;
			buildConfigurations = (
				F22FB4D72E97C6B7007B6ED7 /* Debug */,
				F22FB4D82E97C6B7007B6ED7 /* Release */,
			);
			defaultConfigurationIsVisible = 0;
			defaultConfigurationName = Release;
		};
		F22FB4D92E97C6B7007B6ED7 /* Build configuration list for PBXNativeTarget "RecycloScanUITests" */ = {
			isa = XCConfigurationList;
			buildConfigurations = (
				F22FB4DA2E97C6B7007B6ED7 /* Debug */,
				F22FB4DB2E97C6B7007B6ED7 /* Release */,
			);
			defaultConfigurationIsVisible = 0;
			defaultConfigurationName = Release;
		};
		FA38E2A62EA7570900BCE2B4 /* Build configuration list for PBXNativeTarget "RecycloScanWidgetExtension" */ = {
			isa = XCConfigurationList;
			buildConfigurations = (
				FA38E2A72EA7570900BCE2B4 /* Debug */,
				FA38E2A82EA7570900BCE2B4 /* Release */,
			);
			defaultConfigurationIsVisible = 0;
			defaultConfigurationName = Release;
		};
/* End XCConfigurationList section */
	};
	rootObject = F22FB4AA2E97C6B6007B6ED7 /* Project object */;
}
